
Microsoft Visual Studio Solution File, Format Version 12.00
# Visual Studio Version 17
VisualStudioVersion = 17.11.35312.102
MinimumVisualStudioVersion = 10.0.40219.1
Project("{9A19103F-16F7-4668-BE54-9A1E7A4F7556}") = "Capa_Presentation", "Capa_Presentacion\Capa_Presentation.csproj", "{8B1E4870-0C5A-4B8B-86CD-06DE94D62348}"
EndProject
Project("{9A19103F-16F7-4668-BE54-9A1E7A4F7556}") = "Capa_Business", "Capa_Business\Capa_Business.csproj", "{3C502C38-0B6C-4C0B-A91E-D8FE63C59279}"
EndProject
Project("{9A19103F-16F7-4668-BE54-9A1E7A4F7556}") = "Capa_DataAccess", "Capa_DataAccess\Capa_DataAccess.csproj", "{5E038163-3B66-43D1-82FF-5543FBA5935A}"
EndProject
Project("{9A19103F-16F7-4668-BE54-9A1E7A4F7556}") = "Capa_Entities", "Capa_Entities\Capa_Entities.csproj", "{7BC6F463-9EE9-4A36-9A49-AA76FAC86303}"
EndProject
Global
	GlobalSection(SolutionConfigurationPlatforms) = preSolution
		Debug|Any CPU = Debug|Any CPU
		Release|Any CPU = Release|Any CPU
	EndGlobalSection
	GlobalSection(ProjectConfigurationPlatforms) = postSolution
		{8B1E4870-0C5A-4B8B-86CD-06DE94D62348}.Debug|Any CPU.ActiveCfg = Debug|Any CPU
		{8B1E4870-0C5A-4B8B-86CD-06DE94D62348}.Debug|Any CPU.Build.0 = Debug|Any CPU
		{8B1E4870-0C5A-4B8B-86CD-06DE94D62348}.Release|Any CPU.ActiveCfg = Release|Any CPU
		{8B1E4870-0C5A-4B8B-86CD-06DE94D62348}.Release|Any CPU.Build.0 = Release|Any CPU
		{3C502C38-0B6C-4C0B-A91E-D8FE63C59279}.Debug|Any CPU.ActiveCfg = Debug|Any CPU
		{3C502C38-0B6C-4C0B-A91E-D8FE63C59279}.Debug|Any CPU.Build.0 = Debug|Any CPU
		{3C502C38-0B6C-4C0B-A91E-D8FE63C59279}.Release|Any CPU.ActiveCfg = Release|Any CPU
		{3C502C38-0B6C-4C0B-A91E-D8FE63C59279}.Release|Any CPU.Build.0 = Release|Any CPU
		{5E038163-3B66-43D1-82FF-5543FBA5935A}.Debug|Any CPU.ActiveCfg = Debug|Any CPU
		{5E038163-3B66-43D1-82FF-5543FBA5935A}.Debug|Any CPU.Build.0 = Debug|Any CPU
		{5E038163-3B66-43D1-82FF-5543FBA5935A}.Release|Any CPU.ActiveCfg = Release|Any CPU
		{5E038163-3B66-43D1-82FF-5543FBA5935A}.Release|Any CPU.Build.0 = Release|Any CPU
		{7BC6F463-9EE9-4A36-9A49-AA76FAC86303}.Debug|Any CPU.ActiveCfg = Debug|Any CPU
		{7BC6F463-9EE9-4A36-9A49-AA76FAC86303}.Debug|Any CPU.Build.0 = Debug|Any CPU
		{7BC6F463-9EE9-4A36-9A49-AA76FAC86303}.Release|Any CPU.ActiveCfg = Release|Any CPU
		{7BC6F463-9EE9-4A36-9A49-AA76FAC86303}.Release|Any CPU.Build.0 = Release|Any CPU
	EndGlobalSection
	GlobalSection(SolutionProperties) = preSolution
		HideSolutionNode = FALSE
	EndGlobalSection
	GlobalSection(ExtensibilityGlobals) = postSolution
		SolutionGuid = {FE0468C5-7D51-4E61-9E3D-5C7603A52722}
	EndGlobalSection
EndGlobal
